{
  "name": "leader-line-plus",
  "version": "2.0.0",
  "lockfileVersion": 3,
  "requires": true,
  "packages": {
    "": {
      "name": "leader-line-plus",
      "version": "2.0.0",
      "license": "MIT",
      "devDependencies": {
        "@e18e/eslint-plugin": "^0.8.1",
        "htmlclean": "^3.0.8",
        "jasmine-core": "^7.0.2",
        "oxc-minify": "^0.152.0",
        "oxfmt": "^0.71.0",
        "oxlint": "^1.86.0",
        "plain-draggable": "^2.5.15",
        "playwright-core": "^1.63.0",
        "test-page-loader": "^1.0.8",
        "typescript": "^6.0.3"
      }
    },
    "node_modules/@e18e/eslint-plugin": {
      "version": "0.8.1",
      "resolved": "https://registry.npmjs.org/@e18e/eslint-plugin/-/eslint-plugin-0.8.1.tgz",
      "integrity": "sha512-OV3T7l0r52/IglskdAuoO+BJyzsCs7AcIHpwpBMlIMO0+3RHskM2h5MuHdLuesIhSRhwCURGMKtp/XwnfXrfxg==",
      "dev": true,
      "license": "MIT",
      "dependencies": {
        "empathic": "^2.0.1",
        "module-replacements": "^3.3.0",
        "verkit": "^0.4.0"
      },
      "peerDependencies": {
        "eslint": "^9.0.0 || ^10.0.0",
        "oxlint": "^1.72.0"
      },
      "peerDependenciesMeta": {
        "eslint": {
          "optional": true
        },
        "oxlint": {
          "optional": true
        }
      }
    },
    "node_modules/@oxc-minify/binding-android-arm-eabi": {
      "version": "0.152.0",
      "resolved": "https://registry.npmjs.org/@oxc-minify/binding-android-arm-eabi/-/binding-android-arm-eabi-0.152.0.tgz",
      "integrity": "sha512-N0xbupaoQUI5huFYSDp6lLJcyb90FDXwCZ6XG9bsCptSui2dQOzi+M2wO+lXBh4VASYhbfirpgDz90I/wnJSeg==",
      "cpu": [
        "arm"
      ],
      "dev": true,
      "license": "MIT",
      "optional": true,
      "os": [
        "android"
      ],
      "engines": {
        "node": "^20.19.0 || >=22.12.0"
      }
    },
    "node_modules/@oxc-minify/binding-android-arm64": {
      "version": "0.152.0",
      "resolved": "https://registry.npmjs.org/@oxc-minify/binding-android-arm64/-/binding-android-arm64-0.152.0.tgz",
      "integrity": "sha512-UdR2wDUF/0vM8hyig1+RyVr2tsm4uLnkBCapfasKR9awZe5AyzsE9tz+3R9OkBUHycsFLvFv95aM+3hJVY5teg==",
      "cpu": [
        "arm64"
      ],
      "dev": true,
      "license": "MIT",
      "optional": true,
      "os": [
        "android"
      ],
      "engines": {
        "node": "^20.19.0 || >=22.12.0"
      }
    },
    "node_modules/@oxc-minify/binding-darwin-arm64": {
      "version": "0.152.0",
      "resolved": "https://registry.npmjs.org/@oxc-minify/binding-darwin-arm64/-/binding-darwin-arm64-0.152.0.tgz",
      "integrity": "sha512-aRJAdksH33Owe4oKAVN+hQB2nbF2CDL0G39m9vI4O2FUeTiOxtpatm0/XFiokpW8SFXrRiTDvxPqT6I/+Po0Ig==",
      "cpu": [
        "arm64"
      ],
      "dev": true,
      "license": "MIT",
      "optional": true,
      "os": [
        "darwin"
      ],
      "engines": {
        "node": "^20.19.0 || >=22.12.0"
      }
    },
    "node_modules/@oxc-minify/binding-darwin-x64": {
      "version": "0.152.0",
      "resolved": "https://registry.npmjs.org/@oxc-minify/binding-darwin-x64/-/binding-darwin-x64-0.152.0.tgz",
      "integrity": "sha512-GiJe37nAdSgrGBc47OyJ2cfnzRYR4Aq+xJCyuqilkuN0qXzOhSZviMb1Z3DzrD5MPjXJ18EB/4LA9vt+jDHPKw==",
      "cpu": [
        "x64"
      ],
      "dev": true,
      "license": "MIT",
      "optional": true,
      "os": [
        "darwin"
      ],
      "engines": {
        "node": "^20.19.0 || >=22.12.0"
      }
    },
    "node_modules/@oxc-minify/binding-freebsd-x64": {
      "version": "0.152.0",
      "resolved": "https://registry.npmjs.org/@oxc-minify/binding-freebsd-x64/-/binding-freebsd-x64-0.152.0.tgz",
      "integrity": "sha512-xFEscjXqVvqrHR0x77oo+PFy3rTaVm6TpXv0r3S1jkIsVCxDDDYy94CGEJO+rdhrCo67x16wgCPH5xBd8AhjkQ==",
      "cpu": [
        "x64"
      ],
      "dev": true,
      "license": "MIT",
      "optional": true,
      "os": [
        "freebsd"
      ],
      "engines": {
        "node": "^20.19.0 || >=22.12.0"
      }
    },
    "node_modules/@oxc-minify/binding-linux-arm-gnueabihf": {
      "version": "0.152.0",
      "resolved": "https://registry.npmjs.org/@oxc-minify/binding-linux-arm-gnueabihf/-/binding-linux-arm-gnueabihf-0.152.0.tgz",
      "integrity": "sha512-HpdP9yd71OHE2Obo73STH/nYm+GI3KhWy0FV1Daa5xt5QyvWgvzUmDAiosy1GPy0GtWXPzTzcmJCxfb7iz7/eQ==",
      "cpu": [
        "arm"
      ],
      "dev": true,
      "license": "MIT",
      "optional": true,
      "os": [
        "linux"
      ],
      "engines": {
        "node": "^20.19.0 || >=22.12.0"
      }
    },
    "node_modules/@oxc-minify/binding-linux-arm-musleabihf": {
      "version": "0.152.0",
      "resolved": "https://registry.npmjs.org/@oxc-minify/binding-linux-arm-musleabihf/-/binding-linux-arm-musleabihf-0.152.0.tgz",
      "integrity": "sha512-VEAflciBZ9puxz8uMpYJML9VxwVWwZdZ3F3D8qrTD2gK8VQANTwt1JKnYoSJRHU8nyte33c7LQ8R6GIoIHlWcQ==",
      "cpu": [
        "arm"
      ],
      "dev": true,
      "license": "MIT",
      "optional": true,
      "os": [
        "linux"
      ],
      "engines": {
        "node": "^20.19.0 || >=22.12.0"
      }
    },
    "node_modules/@oxc-minify/binding-linux-arm64-gnu": {
      "version": "0.152.0",
      "resolved": "https://registry.npmjs.org/@oxc-minify/binding-linux-arm64-gnu/-/binding-linux-arm64-gnu-0.152.0.tgz",
      "integrity": "sha512-tXoTHFFKofAJLo+mU5q9WV3H4CedJs798r7P+EXbVcFv8bwQ86V0RP150VVnLqlzYbkzStk1wKXU2M9fjntocA==",
      "cpu": [
        "arm64"
      ],
      "dev": true,
      "license": "MIT",
      "optional": true,
      "os": [
        "linux"
      ],
      "engines": {
        "node": "^20.19.0 || >=22.12.0"
      }
    },
    "node_modules/@oxc-minify/binding-linux-arm64-musl": {
      "version": "0.152.0",
      "resolved": "https://registry.npmjs.org/@oxc-minify/binding-linux-arm64-musl/-/binding-linux-arm64-musl-0.152.0.tgz",
      "integrity": "sha512-PERpJdKqWeaKT2+XyySHMfxetNADcFRdB+kZTuiMfdP1YRavMKUHDvBydKUSXtXuGGh5hPn4kL1/Ro0T7AbWTg==",
      "cpu": [
        "arm64"
      ],
      "dev": true,
      "license": "MIT",
      "optional": true,
      "os": [
        "linux"
      ],
      "engines": {
        "node": "^20.19.0 || >=22.12.0"
      }
    },
    "node_modules/@oxc-minify/binding-linux-ppc64-gnu": {
      "version": "0.152.0",
      "resolved": "https://registry.npmjs.org/@oxc-minify/binding-linux-ppc64-gnu/-/binding-linux-ppc64-gnu-0.152.0.tgz",
      "integrity": "sha512-gpiSKDHhEmGRfB9JU/AbhjqsRjoWuYUwJoaIXGEBn6xgdiVhj8wxQGNRH1MA1nj9HuglfQF7crUVFMOU3DKzLA==",
      "cpu": [
        "ppc64"
      ],
      "dev": true,
      "license": "MIT",
      "optional": true,
      "os": [
        "linux"
      ],
      "engines": {
        "node": "^20.19.0 || >=22.12.0"
      }
    },
    "node_modules/@oxc-minify/binding-linux-riscv64-gnu": {
      "version": "0.152.0",
      "resolved": "https://registry.npmjs.org/@oxc-minify/binding-linux-riscv64-gnu/-/binding-linux-riscv64-gnu-0.152.0.tgz",
      "integrity": "sha512-Xwq+dv/javD04Kjn+gkqmaB6qCi7Gs/oK9P4pKA9p2QD99y4uDnoN1goYR6n/OMl/9IPyD7PqLGD/TmHM9P+4Q==",
      "cpu": [
        "riscv64"
      ],
      "dev": true,
      "license": "MIT",
      "optional": true,
      "os": [
        "linux"
      ],
      "engines": {
        "node": "^20.19.0 || >=22.12.0"
      }
    },
    "node_modules/@oxc-minify/binding-linux-riscv64-musl": {
      "version": "0.152.0",
      "resolved": "https://registry.npmjs.org/@oxc-minify/binding-linux-riscv64-musl/-/binding-linux-riscv64-musl-0.152.0.tgz",
      "integrity": "sha512-u/PVdpESernB7+JhBUF2w6Z0sCedFcNfypddODwhDwj0NNFdbBGN66IHG/37/jRFLgdmNV83w9M1m9fdWTbqnw==",
      "cpu": [
        "riscv64"
      ],
      "dev": true,
      "license": "MIT",
      "optional": true,
      "os": [
        "linux"
      ],
      "engines": {
        "node": "^20.19.0 || >=22.12.0"
      }
    },
    "node_modules/@oxc-minify/binding-linux-s390x-gnu": {
      "version": "0.152.0",
      "resolved": "https://registry.npmjs.org/@oxc-minify/binding-linux-s390x-gnu/-/binding-linux-s390x-gnu-0.152.0.tgz",
      "integrity": "sha512-YANiPqQaRl4b8xsc/CNis2wQzFmaXdm2HWxUXggen7oJ0AJzBqWyumrcy8DbMwbOPPgFFYsL/cpFc6ZFA5LDEQ==",
      "cpu": [
        "s390x"
      ],
      "dev": true,
      "license": "MIT",
      "optional": true,
      "os": [
        "linux"
      ],
      "engines": {
        "node": "^20.19.0 || >=22.12.0"
      }
    },
    "node_modules/@oxc-minify/binding-linux-x64-gnu": {
      "version": "0.152.0",
      "resolved": "https://registry.npmjs.org/@oxc-minify/binding-linux-x64-gnu/-/binding-linux-x64-gnu-0.152.0.tgz",
      "integrity": "sha512-/4pGkJHAN1BYlzYBggpbo4+DhkIxwcNjrGJZ9tDMRCRvcEuMKywEqxh4LRkJEDSeh1IVgXETEOSPLFGu79xGHg==",
      "cpu": [
        "x64"
      ],
      "dev": true,
      "license": "MIT",
      "optional": true,
      "os": [
        "linux"
      ],
      "engines": {
        "node": "^20.19.0 || >=22.12.0"
      }
    },
    "node_modules/@oxc-minify/binding-linux-x64-musl": {
      "version": "0.152.0",
      "resolved": "https://registry.npmjs.org/@oxc-minify/binding-linux-x64-musl/-/binding-linux-x64-musl-0.152.0.tgz",
      "integrity": "sha512-Y32nPRNLgfd9br2VulMLb+b1kYia9u2ibwOh7ELKym2SBbMFOCYXb44Yi92nQxFy36kcQKhnjUy4Bc8/orYiRg==",
      "cpu": [
        "x64"
      ],
      "dev": true,
      "license": "MIT",
      "optional": true,
      "os": [
        "linux"
      ],
      "engines": {
        "node": "^20.19.0 || >=22.12.0"
      }
    },
    "node_modules/@oxc-minify/binding-openharmony-arm64": {
      "version": "0.152.0",
      "resolved": "https://registry.npmjs.org/@oxc-minify/binding-openharmony-arm64/-/binding-openharmony-arm64-0.152.0.tgz",
      "integrity": "sha512-vR7aHzLXvPrL7qQeJaKoMB6Q3BWsokhK5u+tjcICN86VnXG/C6eP3fZvgS8LH2CJNDouUWWpqaxjesHS1DMYDg==",
      "cpu": [
        "arm64"
      ],
      "dev": true,
      "license": "MIT",
      "optional": true,
      "os": [
        "openharmony"
      ],
      "engines": {
        "node": "^20.19.0 || >=22.12.0"
      }
    },
    "node_modules/@oxc-minify/binding-win32-arm64-msvc": {
      "version": "0.152.0",
      "resolved": "https://registry.npmjs.org/@oxc-minify/binding-win32-arm64-msvc/-/binding-win32-arm64-msvc-0.152.0.tgz",
      "integrity": "sha512-JOQ/FitNgmhb4TRbavaltS7335eGKRzngON9pX9J/k1dGi9F1Zz2+7TwfgYUENer9XUBRviUVPVUAFD081EqrQ==",
      "cpu": [
        "arm64"
      ],
      "dev": true,
      "license": "MIT",
      "optional": true,
      "os": [
        "win32"
      ],
      "engines": {
        "node": "^20.19.0 || >=22.12.0"
      }
    },
    "node_modules/@oxc-minify/binding-win32-ia32-msvc": {
      "version": "0.152.0",
      "resolved": "https://registry.npmjs.org/@oxc-minify/binding-win32-ia32-msvc/-/binding-win32-ia32-msvc-0.152.0.tgz",
      "integrity": "sha512-iTd7epjaXQ+S3FKJns8aSsEH0M/PsltL00k4o8jN6nvLnhyh8lCTn7hQIIKuM8aXzJdF5Rg3kniDr+PJcAiSxQ==",
      "cpu": [
        "ia32"
      ],
      "dev": true,
      "license": "MIT",
      "optional": true,
      "os": [
        "win32"
      ],
      "engines": {
        "node": "^20.19.0 || >=22.12.0"
      }
    },
    "node_modules/@oxc-minify/binding-win32-x64-msvc": {
      "version": "0.152.0",
      "resolved": "https://registry.npmjs.org/@oxc-minify/binding-win32-x64-msvc/-/binding-win32-x64-msvc-0.152.0.tgz",
      "integrity": "sha512-3bhVD/y3K9D4i4QTQ7xfBVQh03Onx6hHetHHbotHE24Xkgb02XkOUFGRzu5Mz/x9HfsT2OyXcBw2uaMS4//AeA==",
      "cpu": [
        "x64"
      ],
      "dev": true,
      "license": "MIT",
      "optional": true,
      "os": [
        "win32"
      ],
      "engines": {
        "node": "^20.19.0 || >=22.12.0"
      }
    },
    "node_modules/@oxfmt/binding-android-arm-eabi": {
      "version": "0.71.0",
      "resolved": "https://registry.npmjs.org/@oxfmt/binding-android-arm-eabi/-/binding-android-arm-eabi-0.71.0.tgz",
      "integrity": "sha512-l31EyBfB4egJeFua11aQFEUE9nnDtfpWCadqQovm0WL30t/yUHtdFl/5HyFXvd5xT8Ewh3U4TI9f30GowrQ1fw==",
      "cpu": [
        "arm"
      ],
      "dev": true,
      "license": "MIT",
      "optional": true,
      "os": [
        "android"
      ],
      "engines": {
        "node": "^20.19.0 || >=22.12.0"
      }
    },
    "node_modules/@oxfmt/binding-android-arm64": {
      "version": "0.71.0",
      "resolved": "https://registry.npmjs.org/@oxfmt/binding-android-arm64/-/binding-android-arm64-0.71.0.tgz",
      "integrity": "sha512-E8q39SUZzSXQ08oZoFoTkxRADkdBNgL6De4qgZYr2O4JCunwqrZwAyCebxIF3yVHBafHM30WUkhTkDi+jNYZOw==",
      "cpu": [
        "arm64"
      ],
      "dev": true,
      "license": "MIT",
      "optional": true,
      "os": [
        "android"
      ],
      "engines": {
        "node": "^20.19.0 || >=22.12.0"
      }
    },
    "node_modules/@oxfmt/binding-darwin-arm64": {
      "version": "0.71.0",
      "resolved": "https://registry.npmjs.org/@oxfmt/binding-darwin-arm64/-/binding-darwin-arm64-0.71.0.tgz",
      "integrity": "sha512-pTteTrN88DicrmJ3DocBmpNDa6Umfh0iveEG8rnAlDFQpclmtDS7hnIvZbIEV9mDO0Ot1U0sjtoJQ1itd/ZMhQ==",
      "cpu": [
        "arm64"
      ],
      "dev": true,
      "license": "MIT",
      "optional": true,
      "os": [
        "darwin"
      ],
      "engines": {
        "node": "^20.19.0 || >=22.12.0"
      }
    },
    "node_modules/@oxfmt/binding-darwin-x64": {
      "version": "0.71.0",
      "resolved": "https://registry.npmjs.org/@oxfmt/binding-darwin-x64/-/binding-darwin-x64-0.71.0.tgz",
      "integrity": "sha512-G5melRC3IiNEgXlNKJhSExJYQGAQIppHFp2cl/wFrqQcEwmc4k4TkrHaFTR29SDudjoW5AZq5cXPGJDqtlH/Yg==",
      "cpu": [
        "x64"
      ],
      "dev": true,
      "license": "MIT",
      "optional": true,
      "os": [
        "darwin"
      ],
      "engines": {
        "node": "^20.19.0 || >=22.12.0"
      }
    },
    "node_modules/@oxfmt/binding-freebsd-x64": {
      "version": "0.71.0",
      "resolved": "https://registry.npmjs.org/@oxfmt/binding-freebsd-x64/-/binding-freebsd-x64-0.71.0.tgz",
      "integrity": "sha512-Hb1P5yKb9aiH2VSbm3Ml37mKjzqpunYet9krw/YK7V5JsAUJDQlju3Yk/dEqQvJD/usBvpi01Vbk9ZDNo0a8Cw==",
      "cpu": [
        "x64"
      ],
      "dev": true,
      "license": "MIT",
      "optional": true,
      "os": [
        "freebsd"
      ],
      "engines": {
        "node": "^20.19.0 || >=22.12.0"
      }
    },
    "node_modules/@oxfmt/binding-linux-arm-gnueabihf": {
      "version": "0.71.0",
      "resolved": "https://registry.npmjs.org/@oxfmt/binding-linux-arm-gnueabihf/-/binding-linux-arm-gnueabihf-0.71.0.tgz",
      "integrity": "sha512-r7n4JEO+rkp0kaP3ia+0hv6FzK3PQIHqaF0jxGuhjJ4JHVX9ZVRbgpDVDW+OloyuJsRWpWFDKIHe8gfl1p/4mQ==",
      "cpu": [
        "arm"
      ],
      "dev": true,
      "license": "MIT",
      "optional": true,
      "os": [
        "linux"
      ],
      "engines": {
        "node": "^20.19.0 || >=22.12.0"
      }
    },
    "node_modules/@oxfmt/binding-linux-arm-musleabihf": {
      "version": "0.71.0",
      "resolved": "https://registry.npmjs.org/@oxfmt/binding-linux-arm-musleabihf/-/binding-linux-arm-musleabihf-0.71.0.tgz",
      "integrity": "sha512-EEynTF4nakgqDhVCmd3cHQCmTcw0BM8ea6eHigTdtZ3yxdsBNv+dYkt+OpDDZx1n/jzjI7J+Ht7IgkqFWuJUxQ==",
      "cpu": [
        "arm"
      ],
      "dev": true,
      "license": "MIT",
      "optional": true,
      "os": [
        "linux"
      ],
      "engines": {
        "node": "^20.19.0 || >=22.12.0"
      }
    },
    "node_modules/@oxfmt/binding-linux-arm64-gnu": {
      "version": "0.71.0",
      "resolved": "https://registry.npmjs.org/@oxfmt/binding-linux-arm64-gnu/-/binding-linux-arm64-gnu-0.71.0.tgz",
      "integrity": "sha512-7VgJIrywCwR/G6YMv+HqsccUt8Z4q4mbM2xR+Ry/6AeMk4pCmZ9aO4Srd3mmrvVu8PsCZGP7oHEHSXWTmyloaQ==",
      "cpu": [
        "arm64"
      ],
      "dev": true,
      "license": "MIT",
      "optional": true,
      "os": [
        "linux"
      ],
      "engines": {
        "node": "^20.19.0 || >=22.12.0"
      }
    },
    "node_modules/@oxfmt/binding-linux-arm64-musl": {
      "version": "0.71.0",
      "resolved": "https://registry.npmjs.org/@oxfmt/binding-linux-arm64-musl/-/binding-linux-arm64-musl-0.71.0.tgz",
      "integrity": "sha512-AOCaminv/+fhinUXKvtPZT4POhNYmN9GfvaJdgJa1AbvuzClWGwDIXfJg8eu3sYaVL2B68jNvmS7LZGAYa0z3A==",
      "cpu": [
        "arm64"
      ],
      "dev": true,
      "license": "MIT",
      "optional": true,
      "os": [
        "linux"
      ],
      "engines": {
        "node": "^20.19.0 || >=22.12.0"
      }
    },
    "node_modules/@oxfmt/binding-linux-ppc64-gnu": {
      "version": "0.71.0",
      "resolved": "https://registry.npmjs.org/@oxfmt/binding-linux-ppc64-gnu/-/binding-linux-ppc64-gnu-0.71.0.tgz",
      "integrity": "sha512-0SHxuaa4QRLM7jfsd8wc6L7KdLg+FR6/ah9k1eAvcrK/Sni7oxchMvsjwUsyakVAta+wBVDkjJTr7/RFU0uUGA==",
      "cpu": [
        "ppc64"
      ],
      "dev": true,
      "license": "MIT",
      "optional": true,
      "os": [
        "linux"
      ],
      "engines": {
        "node": "^20.19.0 || >=22.12.0"
      }
    },
    "node_modules/@oxfmt/binding-linux-riscv64-gnu": {
      "version": "0.71.0",
      "resolved": "https://registry.npmjs.org/@oxfmt/binding-linux-riscv64-gnu/-/binding-linux-riscv64-gnu-0.71.0.tgz",
      "integrity": "sha512-UNKj1+rPorTK6uSlQzpN96vDNbHbL/63zcpznweo0ImQdkDdtQCS7G3puxX++2cESPKT2B56Y6DICUmFTJde5A==",
      "cpu": [
        "riscv64"
      ],
      "dev": true,
      "license": "MIT",
      "optional": true,
      "os": [
        "linux"
      ],
      "engines": {
        "node": "^20.19.0 || >=22.12.0"
      }
    },
    "node_modules/@oxfmt/binding-linux-riscv64-musl": {
      "version": "0.71.0",
      "resolved": "https://registry.npmjs.org/@oxfmt/binding-linux-riscv64-musl/-/binding-linux-riscv64-musl-0.71.0.tgz",
      "integrity": "sha512-5cVXKj7a0mWu7GU6/bZgNyv+KtLgM5S9cnT26Os2/abj8pK/bklHsbdYEHGLLniGjNYkyzwem8mZciPCaDtilw==",
      "cpu": [
        "riscv64"
      ],
      "dev": true,
      "license": "MIT",
      "optional": true,
      "os": [
        "linux"
      ],
      "engines": {
        "node": "^20.19.0 || >=22.12.0"
      }
    },
    "node_modules/@oxfmt/binding-linux-s390x-gnu": {
      "version": "0.71.0",
      "resolved": "https://registry.npmjs.org/@oxfmt/binding-linux-s390x-gnu/-/binding-linux-s390x-gnu-0.71.0.tgz",
      "integrity": "sha512-lNpcMuZvyU1V/CY5h19hac03m4E4PLSYRckcxZOynSPojI4Mwt6nEu9wT/gVf0bclH3xGEWjwqApnSTgjkd2oA==",
      "cpu": [
        "s390x"
      ],
      "dev": true,
      "license": "MIT",
      "optional": true,
      "os": [
        "linux"
      ],
      "engines": {
        "node": "^20.19.0 || >=22.12.0"
      }
    },
    "node_modules/@oxfmt/binding-linux-x64-gnu": {
      "version": "0.71.0",
      "resolved": "https://registry.npmjs.org/@oxfmt/binding-linux-x64-gnu/-/binding-linux-x64-gnu-0.71.0.tgz",
      "integrity": "sha512-5/Z6pUewQpknXqC4/ykK6Zc6RiteAnPem1Ci7K1RZLVF6w6MMjwHjR4vsjijW4Czidgv7HKeVglGjElADliT9w==",
      "cpu": [
        "x64"
      ],
      "dev": true,
      "license": "MIT",
      "optional": true,
      "os": [
        "linux"
      ],
      "engines": {
        "node": "^20.19.0 || >=22.12.0"
      }
    },
    "node_modules/@oxfmt/binding-linux-x64-musl": {
      "version": "0.71.0",
      "resolved": "https://registry.npmjs.org/@oxfmt/binding-linux-x64-musl/-/binding-linux-x64-musl-0.71.0.tgz",
      "integrity": "sha512-uVdG2N/4GEbOeljpQ+xv+NeEwJWJGj0WaxSiSYnoiqIYy3RWrWd3rGUmxWXP1A8+ferNvvwFoDAtvgsDUvBuSw==",
      "cpu": [
        "x64"
      ],
      "dev": true,
      "license": "MIT",
      "optional": true,
      "os": [
        "linux"
      ],
      "engines": {
        "node": "^20.19.0 || >=22.12.0"
      }
    },
    "node_modules/@oxfmt/binding-openharmony-arm64": {
      "version": "0.71.0",
      "resolved": "https://registry.npmjs.org/@oxfmt/binding-openharmony-arm64/-/binding-openharmony-arm64-0.71.0.tgz",
      "integrity": "sha512-1LwEZmSDRFKeBaGd/Hgj2xI3SmgGFpF4YtgkSx0sTYdTiZfHWbcFvRIBjL1YiDNdQd9Khda3Ij8CoqBULjskDg==",
      "cpu": [
        "arm64"
      ],
      "dev": true,
      "license": "MIT",
      "optional": true,
      "os": [
        "openharmony"
      ],
      "engines": {
        "node": "^20.19.0 || >=22.12.0"
      }
    },
    "node_modules/@oxfmt/binding-win32-arm64-msvc": {
      "version": "0.71.0",
      "resolved": "https://registry.npmjs.org/@oxfmt/binding-win32-arm64-msvc/-/binding-win32-arm64-msvc-0.71.0.tgz",
      "integrity": "sha512-5tplmkeMXmza3PUptJQy25wCPJbIAg5g5r7zs+DI+7eEYOqbY+7roMdSH2zbDvv1Pb4oTDJ6NWYx9IRxBxXwhQ==",
      "cpu": [
        "arm64"
      ],
      "dev": true,
      "license": "MIT",
      "optional": true,
      "os": [
        "win32"
      ],
      "engines": {
        "node": "^20.19.0 || >=22.12.0"
      }
    },
    "node_modules/@oxfmt/binding-win32-ia32-msvc": {
      "version": "0.71.0",
      "resolved": "https://registry.npmjs.org/@oxfmt/binding-win32-ia32-msvc/-/binding-win32-ia32-msvc-0.71.0.tgz",
      "integrity": "sha512-T2LWgh3Vx4PYDjtcqRRGDyCsVxeF/VE5xTpUQiCm65bNLwMpRnJYj6Hlkf6qRM3+jxCIOqHD1kVHNQCCiAVMNQ==",
      "cpu": [
        "ia32"
      ],
      "dev": true,
      "license": "MIT",
      "optional": true,
      "os": [
        "win32"
      ],
      "engines": {
        "node": "^20.19.0 || >=22.12.0"
      }
    },
    "node_modules/@oxfmt/binding-win32-x64-msvc": {
      "version": "0.71.0",
      "resolved": "https://registry.npmjs.org/@oxfmt/binding-win32-x64-msvc/-/binding-win32-x64-msvc-0.71.0.tgz",
      "integrity": "sha512-L06SVp7Hu1EQTkh3+PHnKK26dxVbEpOG2InMwCooTE4MA437b5FgfTleCCiGn4ykISHnHU6UHaIg7SiMO7rBHA==",
      "cpu": [
        "x64"
      ],
      "dev": true,
      "license": "MIT",
      "optional": true,
      "os": [
        "win32"
      ],
      "engines": {
        "node": "^20.19.0 || >=22.12.0"
      }
    },
    "node_modules/@oxlint/binding-android-arm-eabi": {
      "version": "1.86.0",
      "resolved": "https://registry.npmjs.org/@oxlint/binding-android-arm-eabi/-/binding-android-arm-eabi-1.86.0.tgz",
      "integrity": "sha512-63Ozq6yQn79B2UxjSZ9huJmI+3/ZPI7hxAe6TyFh9oQL447KnIMoffOdtog+h4KILbQr61ZRvFPW5gYbAUgpgQ==",
      "cpu": [
        "arm"
      ],
      "dev": true,
      "license": "MIT",
      "optional": true,
      "os": [
        "android"
      ],
      "engines": {
        "node": "^20.19.0 || >=22.12.0"
      }
    },
    "node_modules/@oxlint/binding-android-arm64": {
      "version": "1.86.0",
      "resolved": "https://registry.npmjs.org/@oxlint/binding-android-arm64/-/binding-android-arm64-1.86.0.tgz",
      "integrity": "sha512-JdLGp44phbf/0Du236Dt06yfK6Qw8xhTFeDvHJdjk167r59OfP5+BL31mgMYVnswS8e+j6tFuccSY0QDC/lgCw==",
      "cpu": [
        "arm64"
      ],
      "dev": true,
      "license": "MIT",
      "optional": true,
      "os": [
        "android"
      ],
      "engines": {
        "node": "^20.19.0 || >=22.12.0"
      }
    },
    "node_modules/@oxlint/binding-darwin-arm64": {
      "version": "1.86.0",
      "resolved": "https://registry.npmjs.org/@oxlint/binding-darwin-arm64/-/binding-darwin-arm64-1.86.0.tgz",
      "integrity": "sha512-h+vkOr4ik6KLFCXdtNVEj9xfnXfNUpPoF95QjORdhiSpLqQePzcN81kGHjAgsw1/G7WBWK5KsFKbI2UK8EyzMA==",
      "cpu": [
        "arm64"
      ],
      "dev": true,
      "license": "MIT",
      "optional": true,
      "os": [
        "darwin"
      ],
      "engines": {
        "node": "^20.19.0 || >=22.12.0"
      }
    },
    "node_modules/@oxlint/binding-darwin-x64": {
      "version": "1.86.0",
      "resolved": "https://registry.npmjs.org/@oxlint/binding-darwin-x64/-/binding-darwin-x64-1.86.0.tgz",
      "integrity": "sha512-wbglRuH5eKsp68keTOOeKDHU1astWSRYFsh2bwKQTAPb44rD6kVgzYI1ZrAJRTc6/7PH55ZXFCQx0rQXrj0UdA==",
      "cpu": [
        "x64"
      ],
      "dev": true,
      "license": "MIT",
      "optional": true,
      "os": [
        "darwin"
      ],
      "engines": {
        "node": "^20.19.0 || >=22.12.0"
      }
    },
    "node_modules/@oxlint/binding-freebsd-x64": {
      "version": "1.86.0",
      "resolved": "https://registry.npmjs.org/@oxlint/binding-freebsd-x64/-/binding-freebsd-x64-1.86.0.tgz",
      "integrity": "sha512-yTQ7QSOlNfQsrfbeVweTiegQJLKPjUKgXp/JpGiFzza6Hp29S9LAoH77TM3L0RjK39iQRZB5lk5iq2t241Mfag==",
      "cpu": [
        "x64"
      ],
      "dev": true,
      "license": "MIT",
      "optional": true,
      "os": [
        "freebsd"
      ],
      "engines": {
        "node": "^20.19.0 || >=22.12.0"
      }
    },
    "node_modules/@oxlint/binding-linux-arm-gnueabihf": {
      "version": "1.86.0",
      "resolved": "https://registry.npmjs.org/@oxlint/binding-linux-arm-gnueabihf/-/binding-linux-arm-gnueabihf-1.86.0.tgz",
      "integrity": "sha512-QYJGy0E2Tv8GAayyBIeHFTwQb8u+zrvrOYrifuDGZDr9ad5XsDhiMScpZymhS9fwWjqrgG2ZUwT4vpY0ISqp4Q==",
      "cpu": [
        "arm"
      ],
      "dev": true,
      "license": "MIT",
      "optional": true,
      "os": [
        "linux"
      ],
      "engines": {
        "node": "^20.19.0 || >=22.12.0"
      }
    },
    "node_modules/@oxlint/binding-linux-arm-musleabihf": {
      "version": "1.86.0",
      "resolved": "https://registry.npmjs.org/@oxlint/binding-linux-arm-musleabihf/-/binding-linux-arm-musleabihf-1.86.0.tgz",
      "integrity": "sha512-oQo83CafLT8p3qh0AGkN0tSUIh5Hm63mfDsoqUmBQUBnSZLNBAbyRaAftfGY5a0cKZ34dG6jAtMYgcY5kZqt5g==",
      "cpu": [
        "arm"
      ],
      "dev": true,
      "license": "MIT",
      "optional": true,
      "os": [
        "linux"
      ],
      "engines": {
        "node": "^20.19.0 || >=22.12.0"
      }
    },
    "node_modules/@oxlint/binding-linux-arm64-gnu": {
      "version": "1.86.0",
      "resolved": "https://registry.npmjs.org/@oxlint/binding-linux-arm64-gnu/-/binding-linux-arm64-gnu-1.86.0.tgz",
      "integrity": "sha512-EM6wy5c2UM12qPb7iDJDBAZvHyfEJGH6iosFgaFiaRZpirz99//EHcUyD2KAskz07x1TULuiAtsojf4nvWWksw==",
      "cpu": [
        "arm64"
      ],
      "dev": true,
      "license": "MIT",
      "optional": true,
      "os": [
        "linux"
      ],
      "engines": {
        "node": "^20.19.0 || >=22.12.0"
      }
    },
    "node_modules/@oxlint/binding-linux-arm64-musl": {
      "version": "1.86.0",
      "resolved": "https://registry.npmjs.org/@oxlint/binding-linux-arm64-musl/-/binding-linux-arm64-musl-1.86.0.tgz",
      "integrity": "sha512-vCiUQb9ZNzZalxYRU4mlZwUqT5f+c7Sk9DwUOplWHtik3Dl4r3DVnUB5tBeRuTAUe6MUVCTylNW7TkkN8J1oTw==",
      "cpu": [
        "arm64"
      ],
      "dev": true,
      "license": "MIT",
      "optional": true,
      "os": [
        "linux"
      ],
      "engines": {
        "node": "^20.19.0 || >=22.12.0"
      }
    },
    "node_modules/@oxlint/binding-linux-ppc64-gnu": {
      "version": "1.86.0",
      "resolved": "https://registry.npmjs.org/@oxlint/binding-linux-ppc64-gnu/-/binding-linux-ppc64-gnu-1.86.0.tgz",
      "integrity": "sha512-T0AzE89yjTYmOhB/hb6i+rWTpe2mYt+xiguBhs9DEPIJTZ1H8OYqsE4VxJHHw2Wlq8Mztwvp2P8NV87ZOuhPRw==",
      "cpu": [
        "ppc64"
      ],
      "dev": true,
      "license": "MIT",
      "optional": true,
      "os": [
        "linux"
      ],
      "engines": {
        "node": "^20.19.0 || >=22.12.0"
      }
    },
    "node_modules/@oxlint/binding-linux-riscv64-gnu": {
      "version": "1.86.0",
      "resolved": "https://registry.npmjs.org/@oxlint/binding-linux-riscv64-gnu/-/binding-linux-riscv64-gnu-1.86.0.tgz",
      "integrity": "sha512-s49r0K2f5Oc7fJoMUO1WkdhYK5Ob79uYRwWQ/XNoGysaOq3RUGmGUbHSuXiyydTTA+P9xEdDEnnlZVXiaSJhlw==",
      "cpu": [
        "riscv64"
      ],
      "dev": true,
      "license": "MIT",
      "optional": true,
      "os": [
        "linux"
      ],
      "engines": {
        "node": "^20.19.0 || >=22.12.0"
      }
    },
    "node_modules/@oxlint/binding-linux-riscv64-musl": {
      "version": "1.86.0",
      "resolved": "https://registry.npmjs.org/@oxlint/binding-linux-riscv64-musl/-/binding-linux-riscv64-musl-1.86.0.tgz",
      "integrity": "sha512-JIa2tYR8ayb3nvcMSZzn4O/xTy13S7MHllu7cBD+B5qDQXXSRy/Vwk1aNpiTjZmBJGwKCHOy/NvnY5Xcwg27uQ==",
      "cpu": [
        "riscv64"
      ],
      "dev": true,
      "license": "MIT",
      "optional": true,
      "os": [
        "linux"
      ],
      "engines": {
        "node": "^20.19.0 || >=22.12.0"
      }
    },
    "node_modules/@oxlint/binding-linux-s390x-gnu": {
      "version": "1.86.0",
      "resolved": "https://registry.npmjs.org/@oxlint/binding-linux-s390x-gnu/-/binding-linux-s390x-gnu-1.86.0.tgz",
      "integrity": "sha512-XwXMyBsAuWZkhZU74UNcfQKr1CJJAKnS80dZzOnjl6A4fKcf91IjFgidegQugMHA5SN8ulwDXEDV1yPntjXgQQ==",
      "cpu": [
        "s390x"
      ],
      "dev": true,
      "license": "MIT",
      "optional": true,
      "os": [
        "linux"
      ],
      "engines": {
        "node": "^20.19.0 || >=22.12.0"
      }
    },
    "node_modules/@oxlint/binding-linux-x64-gnu": {
      "version": "1.86.0",
      "resolved": "https://registry.npmjs.org/@oxlint/binding-linux-x64-gnu/-/binding-linux-x64-gnu-1.86.0.tgz",
      "integrity": "sha512-C1WjukSyMnr66b+w1/tV8RFVv6d9v0MzDf4p9IxVXknqgmTHBgZh1pccN1eHzFr0b9Tbb3OXoPsAAdAuHAQfeA==",
      "cpu": [
        "x64"
      ],
      "dev": true,
      "license": "MIT",
      "optional": true,
      "os": [
        "linux"
      ],
      "engines": {
        "node": "^20.19.0 || >=22.12.0"
      }
    },
    "node_modules/@oxlint/binding-linux-x64-musl": {
      "version": "1.86.0",
      "resolved": "https://registry.npmjs.org/@oxlint/binding-linux-x64-musl/-/binding-linux-x64-musl-1.86.0.tgz",
      "integrity": "sha512-ap6KLmvC38c6MdYzsIh25cXQupqYvjd37tMNftzrX1DCtkX1Gcf2B+S2B17dD4lKa5c5gJog7DQJyDo82PBKyw==",
      "cpu": [
        "x64"
      ],
      "dev": true,
      "license": "MIT",
      "optional": true,
      "os": [
        "linux"
      ],
      "engines": {
        "node": "^20.19.0 || >=22.12.0"
      }
    },
    "node_modules/@oxlint/binding-openharmony-arm64": {
      "version": "1.86.0",
      "resolved": "https://registry.npmjs.org/@oxlint/binding-openharmony-arm64/-/binding-openharmony-arm64-1.86.0.tgz",
      "integrity": "sha512-996Q9w/2GLwNyy5Djs39Jt09aFlr4b7TPhoj7dvo5FHmcyiF68nPz73HNc5UAYKIYeK+M9JzPQ4Wg1r1dXvP6A==",
      "cpu": [
        "arm64"
      ],
      "dev": true,
      "license": "MIT",
      "optional": true,
      "os": [
        "openharmony"
      ],
      "engines": {
        "node": "^20.19.0 || >=22.12.0"
      }
    },
    "node_modules/@oxlint/binding-win32-arm64-msvc": {
      "version": "1.86.0",
      "resolved": "https://registry.npmjs.org/@oxlint/binding-win32-arm64-msvc/-/binding-win32-arm64-msvc-1.86.0.tgz",
      "integrity": "sha512-9uTCHYTknNkug5+46ViSoUMuOuGWK61D87QnblU6CXaWKJC630Z7dbls61vdHxya/cR2ycQZ6Mm6ckgF6Cag5g==",
      "cpu": [
        "arm64"
      ],
      "dev": true,
      "license": "MIT",
      "optional": true,
      "os": [
        "win32"
      ],
      "engines": {
        "node": "^20.19.0 || >=22.12.0"
      }
    },
    "node_modules/@oxlint/binding-win32-ia32-msvc": {
      "version": "1.86.0",
      "resolved": "https://registry.npmjs.org/@oxlint/binding-win32-ia32-msvc/-/binding-win32-ia32-msvc-1.86.0.tgz",
      "integrity": "sha512-a47ga7EKVfMU8rO0i1m3mGwfNRj3FhQyt1d/ukO/E9u1HHF3KpR3tyb3VhuJBGEVPF8uR4exSyHUyx7xbE+uxw==",
      "cpu": [
        "ia32"
      ],
      "dev": true,
      "license": "MIT",
      "optional": true,
      "os": [
        "win32"
      ],
      "engines": {
        "node": "^20.19.0 || >=22.12.0"
      }
    },
    "node_modules/@oxlint/binding-win32-x64-msvc": {
      "version": "1.86.0",
      "resolved": "https://registry.npmjs.org/@oxlint/binding-win32-x64-msvc/-/binding-win32-x64-msvc-1.86.0.tgz",
      "integrity": "sha512-az4dzifCRzES1crwu6pDFXzJTIanrdxXFL9TbiJWrx9LKcuacbR83aPvxDA1LKLNswi/RoqitC7Afcflhu3zBQ==",
      "cpu": [
        "x64"
      ],
      "dev": true,
      "license": "MIT",
      "optional": true,
      "os": [
        "win32"
      ],
      "engines": {
        "node": "^20.19.0 || >=22.12.0"
      }
    },
    "node_modules/empathic": {
      "version": "2.1.0",
      "resolved": "https://registry.npmjs.org/empathic/-/empathic-2.1.0.tgz",
      "integrity": "sha512-AnfC1ATldl49/cvZdLPDjBfrRNwbDO05aibiOtzQu3qtlbJtomNLhF30HEtn/7iBz50dlMECqATo3fG0LrdEgw==",
      "dev": true,
      "license": "MIT",
      "engines": {
        "node": ">=14"
      }
    },
    "node_modules/htmlclean": {
      "version": "3.0.8",
      "resolved": "https://registry.npmjs.org/htmlclean/-/htmlclean-3.0.8.tgz",
      "integrity": "sha1-zqRRz1OZ1AGDhqVxKUifLWMOYrA=",
      "dev": true,
      "engines": {
        "node": ">= 0.8.0"
      }
    },
    "node_modules/jasmine-core": {
      "version": "7.0.2",
      "resolved": "https://registry.npmjs.org/jasmine-core/-/jasmine-core-7.0.2.tgz",
      "integrity": "sha512-YMVijt84KPQQFm1db1AQAxTXfq0k3wU06OkepLViljURFqiRQ7EYYX2eUAshhUv9fA9t1E2N65GrdqvupA9VPQ==",
      "dev": true,
      "license": "MIT"
    },
    "node_modules/module-replacements": {
      "version": "3.4.0",
      "resolved": "https://registry.npmjs.org/module-replacements/-/module-replacements-3.4.0.tgz",
      "integrity": "sha512-NKBNFM/uAUvSs+LOYfSly4EwrC9bgMoFuEnqNNjcDb910W+5IgS2KMB2ERLm5YZZm7R187jx1dMA9pOPvqbSbw==",
      "dev": true,
      "license": "MIT"
    },
    "node_modules/oxc-minify": {
      "version": "0.152.0",
      "resolved": "https://registry.npmjs.org/oxc-minify/-/oxc-minify-0.152.0.tgz",
      "integrity": "sha512-xp5WpI9+QAQBHW74FSi85gDeLczz0WzHfxOmbJUa4gCnChRMgO7qX2tn2IhmrZRnxoYD1P06o7zXYgJYCGvHNA==",
      "dev": true,
      "license": "MIT",
      "engines": {
        "node": "^20.19.0 || >=22.12.0"
      },
      "funding": {
        "url": "https://github.com/sponsors/oxc-project"
      },
      "optionalDependencies": {
        "@oxc-minify/binding-android-arm-eabi": "0.152.0",
        "@oxc-minify/binding-android-arm64": "0.152.0",
        "@oxc-minify/binding-darwin-arm64": "0.152.0",
        "@oxc-minify/binding-darwin-x64": "0.152.0",
        "@oxc-minify/binding-freebsd-x64": "0.152.0",
        "@oxc-minify/binding-linux-arm-gnueabihf": "0.152.0",
        "@oxc-minify/binding-linux-arm-musleabihf": "0.152.0",
        "@oxc-minify/binding-linux-arm64-gnu": "0.152.0",
        "@oxc-minify/binding-linux-arm64-musl": "0.152.0",
        "@oxc-minify/binding-linux-ppc64-gnu": "0.152.0",
        "@oxc-minify/binding-linux-riscv64-gnu": "0.152.0",
        "@oxc-minify/binding-linux-riscv64-musl": "0.152.0",
        "@oxc-minify/binding-linux-s390x-gnu": "0.152.0",
        "@oxc-minify/binding-linux-x64-gnu": "0.152.0",
        "@oxc-minify/binding-linux-x64-musl": "0.152.0",
        "@oxc-minify/binding-openharmony-arm64": "0.152.0",
        "@oxc-minify/binding-win32-arm64-msvc": "0.152.0",
        "@oxc-minify/binding-win32-ia32-msvc": "0.152.0",
        "@oxc-minify/binding-win32-x64-msvc": "0.152.0"
      }
    },
    "node_modules/oxfmt": {
      "version": "0.71.0",
      "resolved": "https://registry.npmjs.org/oxfmt/-/oxfmt-0.71.0.tgz",
      "integrity": "sha512-lUPUl0d/+Io5pDrsPXWs6rB4N/bpB78oj9CTDpnbulfDz+0r3XXcHPlQ7kRPJ2GjIT4nX+/mcqunOeP9BvsEtg==",
      "dev": true,
      "license": "MIT",
      "dependencies": {
        "tinypool": "2.2.0"
      },
      "bin": {
        "oxfmt": "bin/oxfmt"
      },
      "engines": {
        "node": "^20.19.0 || >=22.12.0"
      },
      "funding": {
        "url": "https://github.com/sponsors/oxc-project"
      },
      "optionalDependencies": {
        "@oxfmt/binding-android-arm-eabi": "0.71.0",
        "@oxfmt/binding-android-arm64": "0.71.0",
        "@oxfmt/binding-darwin-arm64": "0.71.0",
        "@oxfmt/binding-darwin-x64": "0.71.0",
        "@oxfmt/binding-freebsd-x64": "0.71.0",
        "@oxfmt/binding-linux-arm-gnueabihf": "0.71.0",
        "@oxfmt/binding-linux-arm-musleabihf": "0.71.0",
        "@oxfmt/binding-linux-arm64-gnu": "0.71.0",
        "@oxfmt/binding-linux-arm64-musl": "0.71.0",
        "@oxfmt/binding-linux-ppc64-gnu": "0.71.0",
        "@oxfmt/binding-linux-riscv64-gnu": "0.71.0",
        "@oxfmt/binding-linux-riscv64-musl": "0.71.0",
        "@oxfmt/binding-linux-s390x-gnu": "0.71.0",
        "@oxfmt/binding-linux-x64-gnu": "0.71.0",
        "@oxfmt/binding-linux-x64-musl": "0.71.0",
        "@oxfmt/binding-openharmony-arm64": "0.71.0",
        "@oxfmt/binding-win32-arm64-msvc": "0.71.0",
        "@oxfmt/binding-win32-ia32-msvc": "0.71.0",
        "@oxfmt/binding-win32-x64-msvc": "0.71.0"
      },
      "peerDependencies": {
        "svelte": "^5.0.0",
        "vite-plus": "*"
      },
      "peerDependenciesMeta": {
        "svelte": {
          "optional": true
        },
        "vite-plus": {
          "optional": true
        }
      }
    },
    "node_modules/oxlint": {
      "version": "1.86.0",
      "resolved": "https://registry.npmjs.org/oxlint/-/oxlint-1.86.0.tgz",
      "integrity": "sha512-og0lhgvZfgGF//gOOmZXvtr+GmBbAGEnbEhv/QUg7UW2Wi4wHMnJbnMD+zuHgPdJxdklfgpPupdlAaAySyxrZg==",
      "dev": true,
      "license": "MIT",
      "bin": {
        "oxlint": "bin/oxlint"
      },
      "engines": {
        "node": "^20.19.0 || >=22.12.0"
      },
      "funding": {
        "url": "https://github.com/sponsors/oxc-project"
      },
      "optionalDependencies": {
        "@oxlint/binding-android-arm-eabi": "1.86.0",
        "@oxlint/binding-android-arm64": "1.86.0",
        "@oxlint/binding-darwin-arm64": "1.86.0",
        "@oxlint/binding-darwin-x64": "1.86.0",
        "@oxlint/binding-freebsd-x64": "1.86.0",
        "@oxlint/binding-linux-arm-gnueabihf": "1.86.0",
        "@oxlint/binding-linux-arm-musleabihf": "1.86.0",
        "@oxlint/binding-linux-arm64-gnu": "1.86.0",
        "@oxlint/binding-linux-arm64-musl": "1.86.0",
        "@oxlint/binding-linux-ppc64-gnu": "1.86.0",
        "@oxlint/binding-linux-riscv64-gnu": "1.86.0",
        "@oxlint/binding-linux-riscv64-musl": "1.86.0",
        "@oxlint/binding-linux-s390x-gnu": "1.86.0",
        "@oxlint/binding-linux-x64-gnu": "1.86.0",
        "@oxlint/binding-linux-x64-musl": "1.86.0",
        "@oxlint/binding-openharmony-arm64": "1.86.0",
        "@oxlint/binding-win32-arm64-msvc": "1.86.0",
        "@oxlint/binding-win32-ia32-msvc": "1.86.0",
        "@oxlint/binding-win32-x64-msvc": "1.86.0"
      },
      "peerDependencies": {
        "oxlint-tsgolint": ">=7.0.2003",
        "vite-plus": "*"
      },
      "peerDependenciesMeta": {
        "oxlint-tsgolint": {
          "optional": true
        },
        "vite-plus": {
          "optional": true
        }
      }
    },
    "node_modules/plain-draggable": {
      "version": "2.5.15",
      "resolved": "https://registry.npmjs.org/plain-draggable/-/plain-draggable-2.5.15.tgz",
      "integrity": "sha512-1Z67bqwok+sy0wV1WkirgY8vwJ7OAQoYjL37iRnKutllAWgISGL/ZUkGjphnVmnQqi2fwykvsIEH7NjrjWbI0A==",
      "dev": true,
      "license": "MIT"
    },
    "node_modules/playwright-core": {
      "version": "1.63.0",
      "resolved": "https://registry.npmjs.org/playwright-core/-/playwright-core-1.63.0.tgz",
      "integrity": "sha512-rYCsBF/M5HjUch52bbtVONEFjv6Xu8sm8h72dNlR5bzIE1fvC/bxgspzkjSfU+MweEMmPM8KJebG6nnyxo5mCg==",
      "dev": true,
      "license": "Apache-2.0",
      "bin": {
        "playwright-core": "cli.js"
      },
      "engines": {
        "node": ">=20"
      }
    },
    "node_modules/test-page-loader": {
      "version": "1.0.8",
      "resolved": "https://registry.npmjs.org/test-page-loader/-/test-page-loader-1.0.8.tgz",
      "integrity": "sha512-oF0ZetET0IDaOvOPuZQ7dqLGK8qf9sE+Ne/cbzN7TsG3InbQ5vmR4mjIKtQRiL+Y47JvhtynzTV2Uq1LSLyH1w==",
      "dev": true
    },
    "node_modules/tinypool": {
      "version": "2.2.0",
      "resolved": "https://registry.npmjs.org/tinypool/-/tinypool-2.2.0.tgz",
      "integrity": "sha512-jBrmx4lYmaC9k/mgPbylxs7kBUxHtD8256up+HjLaDFfXScKJQyil+SWXSvhAtT7XHo+yTVlpB81PGmHP8oLSQ==",
      "dev": true,
      "license": "MIT",
      "engines": {
        "node": "^20.0.0 || >=22.0.0"
      }
    },
    "node_modules/typescript": {
      "version": "6.0.3",
      "resolved": "https://registry.npmjs.org/typescript/-/typescript-6.0.3.tgz",
      "integrity": "sha512-y2TvuxSZPDyQakkFRPZHKFm+KKVqIisdg9/CZwm9ftvKXLP8NRWj38/ODjNbr43SsoXqNuAisEf1GdCxqWcdBw==",
      "dev": true,
      "license": "Apache-2.0",
      "bin": {
        "tsc": "bin/tsc",
        "tsserver": "bin/tsserver"
      },
      "engines": {
        "node": ">=14.17"
      }
    },
    "node_modules/verkit": {
      "version": "0.4.1",
      "resolved": "https://registry.npmjs.org/verkit/-/verkit-0.4.1.tgz",
      "integrity": "sha512-mMVzj0TXExtVdlDEq+Mzp0eyOuyznNpFobNM3uAqe3HVm/Ps2c+u17BligMkZjZCA6EiXpoon8iRTer3iu40SQ==",
      "dev": true,
      "license": "MIT",
      "engines": {
        "node": ">=18.12.0"
      },
      "funding": {
        "url": "https://github.com/sponsors/sxzz"
      }
    }
  }
}
